{
  "lockfileVersion": 1,
  "configVersion": 1,
  "workspaces": {
    "": {
      "dependencies": {
        "openai": "^6.16.0",
        "pydantic": "^0.0.1-security",
      },
    },
  },
  "packages": {
    "openai": ["openai@6.16.0", "", { "peerDependencies": { "ws": "^8.18.0", "zod": "^3.25 || ^4.0" }, "optionalPeers": ["ws", "zod"], "bin": { "openai": "bin/cli" } }, "sha512-fZ1uBqjFUjXzbGc35fFtYKEOxd20kd9fDpFeqWtsOZWiubY8CZ1NAlXHW3iathaFvqmNtCWMIsosCuyeI7Joxg=="],

    "pydantic": ["pydantic@0.0.1-security", "", {}, "sha512-C8zhm/jGh1+r19qiElDmRyFmbGyY6JcFj9bNGoKoUbmAmMXCmN5Hmq3iBw/4MwkFETDkUpPZxGHF1lpFB+izTg=="],
  }
}
